// !$*UTF8*$!
{
	archiveVersion = 1;
	classes = {
	};
	objectVersion = 46;
	objects = {

/* Begin PBXBuildFile section */
		6C7C49A21F31709500A6D92A /* AppDelegate.swift in Sources */ = {isa = PBXBuildFile; fileRef = 6C7C49A11F31709500A6D92A /* AppDelegate.swift */; };
		6C7C49A41F31709500A6D92A /* ViewController.swift in Sources */ = {isa = PBXBuildFile; fileRef = 6C7C49A31F31709500A6D92A /* ViewController.swift */; };
		6C7C49A71F31709500A6D92A /* Main.storyboard in Resources */ = {isa = PBXBuildFile; fileRef = 6C7C49A51F31709500A6D92A /* Main.storyboard */; };
		6C7C49A91F31709500A6D92A /* Assets.xcassets in Resources */ = {isa = PBXBuildFile; fileRef = 6C7C49A81F31709500A6D92A /* Assets.xcassets */; };
		6C7C49AC1F31709500A6D92A /* LaunchScreen.storyboard in Resources */ = {isa = PBXBuildFile; fileRef = 6C7C49AA1F31709500A6D92A /* LaunchScreen.storyboard */; };
		6C99CEF51F411C5000BF0E16 /* HeaderViewController.swift in Sources */ = {isa = PBXBuildFile; fileRef = 6C99CEF41F411C5000BF0E16 /* HeaderViewController.swift */; };
		6C99CEF71F411DE100BF0E16 /* SobreCollectionViewController.swift in Sources */ = {isa = PBXBuildFile; fileRef = 6C99CEF61F411DE100BF0E16 /* SobreCollectionViewController.swift */; };
		6C99CEF91F411F1100BF0E16 /* SobreCollectionViewCell.swift in Sources */ = {isa = PBXBuildFile; fileRef = 6C99CEF81F411F1100BF0E16 /* SobreCollectionViewCell.swift */; };
		6C99CEFC1F41497400BF0E16 /* Request.swift in Sources */ = {isa = PBXBuildFile; fileRef = 6C99CEFB1F41497400BF0E16 /* Request.swift */; };
		6C99CEFE1F414AB000BF0E16 /* Resource.swift in Sources */ = {isa = PBXBuildFile; fileRef = 6C99CEFD1F414AB000BF0E16 /* Resource.swift */; };
		6C99CF001F414BA400BF0E16 /* Content.swift in Sources */ = {isa = PBXBuildFile; fileRef = 6C99CEFF1F414BA400BF0E16 /* Content.swift */; };
		6C99CF021F41577F00BF0E16 /* Constant.swift in Sources */ = {isa = PBXBuildFile; fileRef = 6C99CF011F41577F00BF0E16 /* Constant.swift */; };
/* End PBXBuildFile section */

/* Begin PBXFileReference section */
		6C7C499E1F31709500A6D92A /* EloiOS.app */ = {isa = PBXFileReference; explicitFileType = wrapper.application; includeInIndex = 0; path = EloiOS.app; sourceTree = BUILT_PRODUCTS_DIR; };
		6C7C49A11F31709500A6D92A /* AppDelegate.swift */ = {isa = PBXFileReference; lastKnownFileType = sourcecode.swift; path = AppDelegate.swift; sourceTree = "<group>"; };
		6C7C49A31F31709500A6D92A /* ViewController.swift */ = {isa = PBXFileReference; lastKnownFileType = sourcecode.swift; path = ViewController.swift; sourceTree = "<group>"; };
		6C7C49A61F31709500A6D92A /* Base */ = {isa = PBXFileReference; lastKnownFileType = file.storyboard; name = Base; path = Base.lproj/Main.storyboard; sourceTree = "<group>"; };
		6C7C49A81F31709500A6D92A /* Assets.xcassets */ = {isa = PBXFileReference; lastKnownFileType = folder.assetcatalog; path = Assets.xcassets; sourceTree = "<group>"; };
		6C7C49AB1F31709500A6D92A /* Base */ = {isa = PBXFileReference; lastKnownFileType = file.storyboard; name = Base; path = Base.lproj/LaunchScreen.storyboard; sourceTree = "<group>"; };
		6C7C49AD1F31709500A6D92A /* Info.plist */ = {isa = PBXFileReference; lastKnownFileType = text.plist.xml; path = Info.plist; sourceTree = "<group>"; };
		6C99CEF41F411C5000BF0E16 /* HeaderViewController.swift */ = {isa = PBXFileReference; fileEncoding = 4; lastKnownFileType = sourcecode.swift; path = HeaderViewController.swift; sourceTree = "<group>"; };
		6C99CEF61F411DE100BF0E16 /* SobreCollectionViewController.swift */ = {isa = PBXFileReference; fileEncoding = 4; lastKnownFileType = sourcecode.swift; path = SobreCollectionViewController.swift; sourceTree = "<group>"; };
		6C99CEF81F411F1100BF0E16 /* SobreCollectionViewCell.swift */ = {isa = PBXFileReference; fileEncoding = 4; lastKnownFileType = sourcecode.swift; path = SobreCollectionViewCell.swift; sourceTree = "<group>"; };
		6C99CEFB1F41497400BF0E16 /* Request.swift */ = {isa = PBXFileReference; fileEncoding = 4; lastKnownFileType = sourcecode.swift; path = Request.swift; sourceTree = "<group>"; };
		6C99CEFD1F414AB000BF0E16 /* Resource.swift */ = {isa = PBXFileReference; fileEncoding = 4; lastKnownFileType = sourcecode.swift; path = Resource.swift; sourceTree = "<group>"; };
		6C99CEFF1F414BA400BF0E16 /* Content.swift */ = {isa = PBXFileReference; fileEncoding = 4; lastKnownFileType = sourcecode.swift; path = Content.swift; sourceTree = "<group>"; };
		6C99CF011F41577F00BF0E16 /* Constant.swift */ = {isa = PBXFileReference; fileEncoding = 4; lastKnownFileType = sourcecode.swift; path = Constant.swift; sourceTree = "<group>"; };
/* End PBXFileReference section */

/* Begin PBXFrameworksBuildPhase section */
		6C7C499B1F31709500A6D92A /* Frameworks */ = {
			isa = PBXFrameworksBuildPhase;
			buildActionMask = 2147483647;
			files = (
			);
			runOnlyForDeploymentPostprocessing = 0;
		};
/* End PBXFrameworksBuildPhase section */

/* Begin PBXGroup section */
		6C7C49951F31709500A6D92A = {
			isa = PBXGroup;
			children = (
				6C7C49A01F31709500A6D92A /* EloiOS */,
				6C7C499F1F31709500A6D92A /* Products */,
			);
			sourceTree = "<group>";
		};
		6C7C499F1F31709500A6D92A /* Products */ = {
			isa = PBXGroup;
			children = (
				6C7C499E1F31709500A6D92A /* EloiOS.app */,
			);
			name = Products;
			sourceTree = "<group>";
		};
		6C7C49A01F31709500A6D92A /* EloiOS */ = {
			isa = PBXGroup;
			children = (
				6C99CEFA1F41277D00BF0E16 /* Request */,
				6C7C49A11F31709500A6D92A /* AppDelegate.swift */,
				6C7C49A31F31709500A6D92A /* ViewController.swift */,
				6C7C49A51F31709500A6D92A /* Main.storyboard */,
				6C99CEF81F411F1100BF0E16 /* SobreCollectionViewCell.swift */,
				6C99CEF61F411DE100BF0E16 /* SobreCollectionViewController.swift */,
				6C7C49A81F31709500A6D92A /* Assets.xcassets */,
				6C7C49AA1F31709500A6D92A /* LaunchScreen.storyboard */,
				6C7C49AD1F31709500A6D92A /* Info.plist */,
				6C99CEF41F411C5000BF0E16 /* HeaderViewController.swift */,
				6C99CF011F41577F00BF0E16 /* Constant.swift */,
			);
			path = EloiOS;
			sourceTree = "<group>";
		};
		6C99CEFA1F41277D00BF0E16 /* Request */ = {
			isa = PBXGroup;
			children = (
				6C99CEFB1F41497400BF0E16 /* Request.swift */,
				6C99CEFD1F414AB000BF0E16 /* Resource.swift */,
				6C99CEFF1F414BA400BF0E16 /* Content.swift */,
			);
			name = Request;
			sourceTree = "<group>";
		};
/* End PBXGroup section */

/* Begin PBXNativeTarget section */
		6C7C499D1F31709500A6D92A /* EloiOS */ = {
			isa = PBXNativeTarget;
			buildConfigurationList = 6C7C49B01F31709500A6D92A /* Build configuration list for PBXNativeTarget "EloiOS" */;
			buildPhases = (
				6C7C499A1F31709500A6D92A /* Sources */,
				6C7C499B1F31709500A6D92A /* Frameworks */,
				6C7C499C1F31709500A6D92A /* Resources */,
			);
			buildRules = (
			);
			dependencies = (
			);
			name = EloiOS;
			productName = EloiOS;
			productReference = 6C7C499E1F31709500A6D92A /* EloiOS.app */;
			productType = "com.apple.product-type.application";
		};
/* End PBXNativeTarget section */

/* Begin PBXProject section */
		6C7C49961F31709500A6D92A /* Project object */ = {
			isa = PBXProject;
			attributes = {
				LastSwiftUpdateCheck = 0830;
				LastUpgradeCheck = 0830;
				ORGANIZATIONNAME = "Michel de Sousa Carvalho";
				TargetAttributes = {
					6C7C499D1F31709500A6D92A = {
						CreatedOnToolsVersion = 8.3.3;
						ProvisioningStyle = Automatic;
					};
				};
			};
			buildConfigurationList = 6C7C49991F31709500A6D92A /* Build configuration list for PBXProject "EloiOS" */;
			compatibilityVersion = "Xcode 3.2";
			developmentRegion = English;
			hasScannedForEncodings = 0;
			knownRegions = (
				en,
				Base,
			);
			mainGroup = 6C7C49951F31709500A6D92A;
			productRefGroup = 6C7C499F1F31709500A6D92A /* Products */;
			projectDirPath = "";
			projectRoot = "";
			targets = (
				6C7C499D1F31709500A6D92A /* EloiOS */,
			);
		};
/* End PBXProject section */

/* Begin PBXResourcesBuildPhase section */
		6C7C499C1F31709500A6D92A /* Resources */ = {
			isa = PBXResourcesBuildPhase;
			buildActionMask = 2147483647;
			files = (
				6C7C49AC1F31709500A6D92A /* LaunchScreen.storyboard in Resources */,
				6C7C49A91F31709500A6D92A /* Assets.xcassets in Resources */,
				6C7C49A71F31709500A6D92A /* Main.storyboard in Resources */,
			);
			runOnlyForDeploymentPostprocessing = 0;
		};
/* End PBXResourcesBuildPhase section */

/* Begin PBXSourcesBuildPhase section */
		6C7C499A1F31709500A6D92A /* Sources */ = {
			isa = PBXSourcesBuildPhase;
			buildActionMask = 2147483647;
			files = (
				6C99CEF71F411DE100BF0E16 /* SobreCollectionViewController.swift in Sources */,
				6C99CEFC1F41497400BF0E16 /* Request.swift in Sources */,
				6C99CF021F41577F00BF0E16 /* Constant.swift in Sources */,
				6C99CEFE1F414AB000BF0E16 /* Resource.swift in Sources */,
				6C99CF001F414BA400BF0E16 /* Content.swift in Sources */,
				6C7C49A41F31709500A6D92A /* ViewController.swift in Sources */,
				6C7C49A21F31709500A6D92A /* AppDelegate.swift in Sources */,
				6C99CEF51F411C5000BF0E16 /* HeaderViewController.swift in Sources */,
				6C99CEF91F411F1100BF0E16 /* SobreCollectionViewCell.swift in Sources */,
			);
			runOnlyForDeploymentPostprocessing = 0;
		};
/* End PBXSourcesBuildPhase section */

/* Begin PBXVariantGroup section */
		6C7C49A51F31709500A6D92A /* Main.storyboard */ = {
			isa = PBXVariantGroup;
			children = (
				6C7C49A61F31709500A6D92A /* Base */,
			);
			name = Main.storyboard;
			sourceTree = "<group>";
		};
		6C7C49AA1F31709500A6D92A /* LaunchScreen.storyboard */ = {
			isa = PBXVariantGroup;
			children = (
				6C7C49AB1F31709500A6D92A /* Base */,
			);
			name = LaunchScreen.storyboard;
			sourceTree = "<group>";
		};
/* End PBXVariantGroup section */

/* Begin XCBuildConfiguration section */
		6C7C49AE1F31709500A6D92A /* Debug */ = {
			isa = XCBuildConfiguration;
			buildSettings = {
				ALWAYS_SEARCH_USER_PATHS = NO;
				CLANG_ANALYZER_NONNULL = YES;
				CLANG_ANALYZER_NUMBER_OBJECT_CONVERSION = YES_AGGRESSIVE;
				CLANG_CXX_LANGUAGE_STANDARD = "gnu++0x";
				CLANG_CXX_LIBRARY = "libc++";
				CLANG_ENABLE_MODULES = YES;
				CLANG_ENABLE_OBJC_ARC = YES;
				CLANG_WARN_BOOL_CONVERSION = YES;
				CLANG_WARN_CONSTANT_CONVERSION = YES;
				CLANG_WARN_DIRECT_OBJC_ISA_USAGE = YES_ERROR;
				CLANG_WARN_DOCUMENTATION_COMMENTS = YES;
				CLANG_WARN_EMPTY_BODY = YES;
				CLANG_WARN_ENUM_CONVERSION = YES;
				CLANG_WARN_INFINITE_RECURSION = YES;
				CLANG_WARN_INT_CONVERSION = YES;
				CLANG_WARN_OBJC_ROOT_CLASS = YES_ERROR;
				CLANG_WARN_SUSPICIOUS_MOVE = YES;
				CLANG_WARN_UNREACHABLE_CODE = YES;
				CLANG_WARN__DUPLICATE_METHOD_MATCH = YES;
				"CODE_SIGN_IDENTITY[sdk=iphoneos*]" = "iPhone Developer";
				COPY_PHASE_STRIP = NO;
				DEBUG_INFORMATION_FORMAT = dwarf;
				ENABLE_STRICT_OBJC_MSGSEND = YES;
				ENABLE_TESTABILITY = YES;
				GCC_C_LANGUAGE_STANDARD = gnu99;
				GCC_DYNAMIC_NO_PIC = NO;
				GCC_NO_COMMON_BLOCKS = YES;
				GCC_OPTIMIZATION_LEVEL = 0;
				GCC_PREPROCESSOR_DEFINITIONS = (
					"DEBUG=1",
					"$(inherited)",
				);
				GCC_WARN_64_TO_32_BIT_CONVERSION = YES;
				GCC_WARN_ABOUT_RETURN_TYPE = YES_ERROR;
				GCC_WARN_UNDECLARED_SELECTOR = YES;
				GCC_WARN_UNINITIALIZED_AUTOS = YES_AGGRESSIVE;
				GCC_WARN_UNUSED_FUNCTION = YES;
				GCC_WARN_UNUSED_VARIABLE = YES;
				IPHONEOS_DEPLOYMENT_TARGET = 10.3;
				MTL_ENABLE_DEBUG_INFO = YES;
				ONLY_ACTIVE_ARCH = YES;
				SDKROOT = iphoneos;
				SWIFT_ACTIVE_COMPILATION_CONDITIONS = DEBUG;
				SWIFT_OPTIMIZATION_LEVEL = "-Onone";
				TARGETED_DEVICE_FAMILY = "1,2";
			};
			name = Debug;
		};
		6C7C49AF1F31709500A6D92A /* Release */ = {
			isa = XCBuildConfiguration;
			buildSettings = {
				ALWAYS_SEARCH_USER_PATHS = NO;
				CLANG_ANALYZER_NONNULL = YES;
				CLANG_ANALYZER_NUMBER_OBJECT_CONVERSION = YES_AGGRESSIVE;
				CLANG_CXX_LANGUAGE_STANDARD = "gnu++0x";
				CLANG_CXX_LIBRARY = "libc++";
				CLANG_ENABLE_MODULES = YES;
				CLANG_ENABLE_OBJC_ARC = YES;
				CLANG_WARN_BOOL_CONVERSION = YES;
				CLANG_WARN_CONSTANT_CONVERSION = YES;
				CLANG_WARN_DIRECT_OBJC_ISA_USAGE = YES_ERROR;
				CLANG_WARN_DOCUMENTATION_COMMENTS = YES;
				CLANG_WARN_EMPTY_BODY = YES;
				CLANG_WARN_ENUM_CONVERSION = YES;
				CLANG_WARN_INFINITE_RECURSION = YES;
				CLANG_WARN_INT_CONVERSION = YES;
				CLANG_WARN_OBJC_ROOT_CLASS = YES_ERROR;
				CLANG_WARN_SUSPICIOUS_MOVE = YES;
				CLANG_WARN_UNREACHABLE_CODE = YES;
				CLANG_WARN__DUPLICATE_METHOD_MATCH = YES;
				"CODE_SIGN_IDENTITY[sdk=iphoneos*]" = "iPhone Developer";
				COPY_PHASE_STRIP = NO;
				DEBUG_INFORMATION_FORMAT = "dwarf-with-dsym";
				ENABLE_NS_ASSERTIONS = NO;
				ENABLE_STRICT_OBJC_MSGSEND = YES;
				GCC_C_LANGUAGE_STANDARD = gnu99;
				GCC_NO_COMMON_BLOCKS = YES;
				GCC_WARN_64_TO_32_BIT_CONVERSION = YES;
				GCC_WARN_ABOUT_RETURN_TYPE = YES_ERROR;
				GCC_WARN_UNDECLARED_SELECTOR = YES;
				GCC_WARN_UNINITIALIZED_AUTOS = YES_AGGRESSIVE;
				GCC_WARN_UNUSED_FUNCTION = YES;
				GCC_WARN_UNUSED_VARIABLE = YES;
				IPHONEOS_DEPLOYMENT_TARGET = 10.3;
				MTL_ENABLE_DEBUG_INFO = NO;
				SDKROOT = iphoneos;
				SWIFT_OPTIMIZATION_LEVEL = "-Owholemodule";
				TARGETED_DEVICE_FAMILY = "1,2";
				VALIDATE_PRODUCT = YES;
			};
			name = Release;
		};
		6C7C49B11F31709500A6D92A /* Debug */ = {
			isa = XCBuildConfiguration;
			buildSettings = {
				ASSETCATALOG_COMPILER_APPICON_NAME = AppIcon;
				INFOPLIST_FILE = EloiOS/Info.plist;
				LD_RUNPATH_SEARCH_PATHS = "$(inherited) @executable_path/Frameworks";
				PRODUCT_BUNDLE_IDENTIFIER = app.EloiOS;
				PRODUCT_NAME = "$(TARGET_NAME)";
				SWIFT_VERSION = 3.0;
			};
			name = Debug;
		};
		6C7C49B21F31709500A6D92A /* Release */ = {
			isa = XCBuildConfiguration;
			buildSettings = {
				ASSETCATALOG_COMPILER_APPICON_NAME = AppIcon;
				INFOPLIST_FILE = EloiOS/Info.plist;
				LD_RUNPATH_SEARCH_PATHS = "$(inherited) @executable_path/Frameworks";
				PRODUCT_BUNDLE_IDENTIFIER = app.EloiOS;
				PRODUCT_NAME = "$(TARGET_NAME)";
				SWIFT_VERSION = 3.0;
			};
			name = Release;
		};
/* End XCBuildConfiguration section */

/* Begin XCConfigurationList section */
		6C7C49991F31709500A6D92A /* Build configuration list for PBXProject "EloiOS" */ = {
			isa = XCConfigurationList;
			buildConfigurations = (
				6C7C49AE1F31709500A6D92A /* Debug */,
				6C7C49AF1F31709500A6D92A /* Release */,
			);
			defaultConfigurationIsVisible = 0;
			defaultConfigurationName = Release;
		};
		6C7C49B01F31709500A6D92A /* Build configuration list for PBXNativeTarget "EloiOS" */ = {
			isa = XCConfigurationList;
			buildConfigurations = (
				6C7C49B11F31709500A6D92A /* Debug */,
				6C7C49B21F31709500A6D92A /* Release */,
			);
			defaultConfigurationIsVisible = 0;
			defaultConfigurationName = Release;
		};
/* End XCConfigurationList section */
	};
	rootObject = 6C7C49961F31709500A6D92A /* Project object */;
}
